
Microsoft Visual Studio Solution File, Format Version 12.00
# Visual Studio 15
VisualStudioVersion = 15.0.26124.0
MinimumVisualStudioVersion = 15.0.26124.0
Project("{FAE04EC0-301F-11D3-BF4B-00C04F79EFBC}") = "YourName", "Challenge01\YourName.csproj", "{9181C48D-6E46-44A8-BEC0-65033791F978}"
EndProject
Project("{FAE04EC0-301F-11D3-BF4B-00C04F79EFBC}") = "DaysToNextBirthday", "Challenge02\DaysToNextBirthday.csproj", "{90C9ECF3-D764-4730-B468-62F20E7C9D9F}"
EndProject
Project("{FAE04EC0-301F-11D3-BF4B-00C04F79EFBC}") = "StringLength", "Challenge03\StringLength.csproj", "{AB2A80BC-CAB8-4EC7-A358-AC1CB7DFC19B}"
EndProject
Project("{FAE04EC0-301F-11D3-BF4B-00C04F79EFBC}") = "My_pre_test", "My_pre_test\My_pre_test.csproj", "{E342F3B0-E41A-4140-A7A0-76F07AB0603D}"
EndProject
Project("{FAE04EC0-301F-11D3-BF4B-00C04F79EFBC}") = "Substitution", "Challenge04\Substitution.csproj", "{90D49824-3619-4346-9B40-BFA258C62617}"
EndProject
Project("{FAE04EC0-301F-11D3-BF4B-00C04F79EFBC}") = "EvenOdd", "Challenge05\EvenOdd.csproj", "{02156C5B-E339-4517-A825-62D0FDC8C715}"
EndProject
Project("{FAE04EC0-301F-11D3-BF4B-00C04F79EFBC}") = "Grade", "Challenge06\Grade.csproj", "{A5A2C477-3F0F-4256-91C8-D4E6E0F1C00A}"
EndProject
Project("{FAE04EC0-301F-11D3-BF4B-00C04F79EFBC}") = "TempratureConverter", "Challenge07\TempratureConverter.csproj", "{160DF7D8-E5EA-4164-B221-B96C06F292F5}"
EndProject
Project("{FAE04EC0-301F-11D3-BF4B-00C04F79EFBC}") = "LeapYear", "Challenge08\LeapYear.csproj", "{0E94760E-C117-4B7E-B491-A2123D7DF4A9}"
EndProject
Project("{FAE04EC0-301F-11D3-BF4B-00C04F79EFBC}") = "Timezone", "Challenge09\Timezone.csproj", "{DEF67E40-4D75-4237-BA4C-3624A362AE35}"
EndProject
Project("{FAE04EC0-301F-11D3-BF4B-00C04F79EFBC}") = "Calculator", "Challenge10\Calculator.csproj", "{03928E30-F36E-4E69-95BF-B16E80A1823C}"
EndProject
Project("{FAE04EC0-301F-11D3-BF4B-00C04F79EFBC}") = "SumArgument", "Challenge11\SumArgument.csproj", "{04583BC1-64C6-4C03-8BB1-22D15EA8E213}"
EndProject
Project("{FAE04EC0-301F-11D3-BF4B-00C04F79EFBC}") = "ToUpperCase", "Challenge12\ToUpperCase.csproj", "{548C53AB-A954-4DAE-AB9D-C9ED7592483E}"
EndProject
Project("{FAE04EC0-301F-11D3-BF4B-00C04F79EFBC}") = "CountWords", "Challenge13\CountWords.csproj", "{9C942CBF-0C63-4903-A240-768E9F115EB6}"
EndProject
Project("{FAE04EC0-301F-11D3-BF4B-00C04F79EFBC}") = "PalindromeDetector", "Challenge14\PalindromeDetector.csproj", "{B775C25A-F237-4678-8A6D-B3D9564A2490}"
EndProject
Project("{FAE04EC0-301F-11D3-BF4B-00C04F79EFBC}") = "MirrorString", "Challenge15\MirrorString.csproj", "{F30C48D9-F50F-4CC3-9E6E-973036BD8B49}"
EndProject
Project("{FAE04EC0-301F-11D3-BF4B-00C04F79EFBC}") = "FruitFinder", "Challenge16\FruitFinder.csproj", "{788C4BE1-C5E1-499E-A13E-83A42DF7978F}"
EndProject
Project("{FAE04EC0-301F-11D3-BF4B-00C04F79EFBC}") = "FooBarBaz", "Challenge17\FooBarBaz.csproj", "{C1F91A48-E950-4489-B52A-9B1CB57BA133}"
EndProject
Project("{FAE04EC0-301F-11D3-BF4B-00C04F79EFBC}") = "FindMinMaxAvg", "Challenge18\FindMinMaxAvg.csproj", "{96D9C440-8936-4A20-9F9C-AAFBCE6B5A80}"
EndProject
Project("{FAE04EC0-301F-11D3-BF4B-00C04F79EFBC}") = "Sorter", "Challenge19\Sorter.csproj", "{6E28770F-96D6-440B-80BC-84B6448C095E}"
EndProject
Project("{FAE04EC0-301F-11D3-BF4B-00C04F79EFBC}") = "ObjectClass", "Challenge20\ObjectClass.csproj", "{5BF2CDDF-A684-4335-AC48-54D6DEBC28AA}"
EndProject
Global
	GlobalSection(SolutionConfigurationPlatforms) = preSolution
		Debug|Any CPU = Debug|Any CPU
		Debug|x64 = Debug|x64
		Debug|x86 = Debug|x86
		Release|Any CPU = Release|Any CPU
		Release|x64 = Release|x64
		Release|x86 = Release|x86
	EndGlobalSection
	GlobalSection(SolutionProperties) = preSolution
		HideSolutionNode = FALSE
	EndGlobalSection
	GlobalSection(ProjectConfigurationPlatforms) = postSolution
		{9181C48D-6E46-44A8-BEC0-65033791F978}.Debug|Any CPU.ActiveCfg = Debug|Any CPU
		{9181C48D-6E46-44A8-BEC0-65033791F978}.Debug|Any CPU.Build.0 = Debug|Any CPU
		{9181C48D-6E46-44A8-BEC0-65033791F978}.Debug|x64.ActiveCfg = Debug|Any CPU
		{9181C48D-6E46-44A8-BEC0-65033791F978}.Debug|x64.Build.0 = Debug|Any CPU
		{9181C48D-6E46-44A8-BEC0-65033791F978}.Debug|x86.ActiveCfg = Debug|Any CPU
		{9181C48D-6E46-44A8-BEC0-65033791F978}.Debug|x86.Build.0 = Debug|Any CPU
		{9181C48D-6E46-44A8-BEC0-65033791F978}.Release|Any CPU.ActiveCfg = Release|Any CPU
		{9181C48D-6E46-44A8-BEC0-65033791F978}.Release|Any CPU.Build.0 = Release|Any CPU
		{9181C48D-6E46-44A8-BEC0-65033791F978}.Release|x64.ActiveCfg = Release|Any CPU
		{9181C48D-6E46-44A8-BEC0-65033791F978}.Release|x64.Build.0 = Release|Any CPU
		{9181C48D-6E46-44A8-BEC0-65033791F978}.Release|x86.ActiveCfg = Release|Any CPU
		{9181C48D-6E46-44A8-BEC0-65033791F978}.Release|x86.Build.0 = Release|Any CPU
		{90C9ECF3-D764-4730-B468-62F20E7C9D9F}.Debug|Any CPU.ActiveCfg = Debug|Any CPU
		{90C9ECF3-D764-4730-B468-62F20E7C9D9F}.Debug|Any CPU.Build.0 = Debug|Any CPU
		{90C9ECF3-D764-4730-B468-62F20E7C9D9F}.Debug|x64.ActiveCfg = Debug|Any CPU
		{90C9ECF3-D764-4730-B468-62F20E7C9D9F}.Debug|x64.Build.0 = Debug|Any CPU
		{90C9ECF3-D764-4730-B468-62F20E7C9D9F}.Debug|x86.ActiveCfg = Debug|Any CPU
		{90C9ECF3-D764-4730-B468-62F20E7C9D9F}.Debug|x86.Build.0 = Debug|Any CPU
		{90C9ECF3-D764-4730-B468-62F20E7C9D9F}.Release|Any CPU.ActiveCfg = Release|Any CPU
		{90C9ECF3-D764-4730-B468-62F20E7C9D9F}.Release|Any CPU.Build.0 = Release|Any CPU
		{90C9ECF3-D764-4730-B468-62F20E7C9D9F}.Release|x64.ActiveCfg = Release|Any CPU
		{90C9ECF3-D764-4730-B468-62F20E7C9D9F}.Release|x64.Build.0 = Release|Any CPU
		{90C9ECF3-D764-4730-B468-62F20E7C9D9F}.Release|x86.ActiveCfg = Release|Any CPU
		{90C9ECF3-D764-4730-B468-62F20E7C9D9F}.Release|x86.Build.0 = Release|Any CPU
		{AB2A80BC-CAB8-4EC7-A358-AC1CB7DFC19B}.Debug|Any CPU.ActiveCfg = Debug|Any CPU
		{AB2A80BC-CAB8-4EC7-A358-AC1CB7DFC19B}.Debug|Any CPU.Build.0 = Debug|Any CPU
		{AB2A80BC-CAB8-4EC7-A358-AC1CB7DFC19B}.Debug|x64.ActiveCfg = Debug|Any CPU
		{AB2A80BC-CAB8-4EC7-A358-AC1CB7DFC19B}.Debug|x64.Build.0 = Debug|Any CPU
		{AB2A80BC-CAB8-4EC7-A358-AC1CB7DFC19B}.Debug|x86.ActiveCfg = Debug|Any CPU
		{AB2A80BC-CAB8-4EC7-A358-AC1CB7DFC19B}.Debug|x86.Build.0 = Debug|Any CPU
		{AB2A80BC-CAB8-4EC7-A358-AC1CB7DFC19B}.Release|Any CPU.ActiveCfg = Release|Any CPU
		{AB2A80BC-CAB8-4EC7-A358-AC1CB7DFC19B}.Release|Any CPU.Build.0 = Release|Any CPU
		{AB2A80BC-CAB8-4EC7-A358-AC1CB7DFC19B}.Release|x64.ActiveCfg = Release|Any CPU
		{AB2A80BC-CAB8-4EC7-A358-AC1CB7DFC19B}.Release|x64.Build.0 = Release|Any CPU
		{AB2A80BC-CAB8-4EC7-A358-AC1CB7DFC19B}.Release|x86.ActiveCfg = Release|Any CPU
		{AB2A80BC-CAB8-4EC7-A358-AC1CB7DFC19B}.Release|x86.Build.0 = Release|Any CPU
		{E342F3B0-E41A-4140-A7A0-76F07AB0603D}.Debug|Any CPU.ActiveCfg = Debug|Any CPU
		{E342F3B0-E41A-4140-A7A0-76F07AB0603D}.Debug|Any CPU.Build.0 = Debug|Any CPU
		{E342F3B0-E41A-4140-A7A0-76F07AB0603D}.Debug|x64.ActiveCfg = Debug|Any CPU
		{E342F3B0-E41A-4140-A7A0-76F07AB0603D}.Debug|x64.Build.0 = Debug|Any CPU
		{E342F3B0-E41A-4140-A7A0-76F07AB0603D}.Debug|x86.ActiveCfg = Debug|Any CPU
		{E342F3B0-E41A-4140-A7A0-76F07AB0603D}.Debug|x86.Build.0 = Debug|Any CPU
		{E342F3B0-E41A-4140-A7A0-76F07AB0603D}.Release|Any CPU.ActiveCfg = Release|Any CPU
		{E342F3B0-E41A-4140-A7A0-76F07AB0603D}.Release|Any CPU.Build.0 = Release|Any CPU
		{E342F3B0-E41A-4140-A7A0-76F07AB0603D}.Release|x64.ActiveCfg = Release|Any CPU
		{E342F3B0-E41A-4140-A7A0-76F07AB0603D}.Release|x64.Build.0 = Release|Any CPU
		{E342F3B0-E41A-4140-A7A0-76F07AB0603D}.Release|x86.ActiveCfg = Release|Any CPU
		{E342F3B0-E41A-4140-A7A0-76F07AB0603D}.Release|x86.Build.0 = Release|Any CPU
		{90D49824-3619-4346-9B40-BFA258C62617}.Debug|Any CPU.ActiveCfg = Debug|Any CPU
		{90D49824-3619-4346-9B40-BFA258C62617}.Debug|Any CPU.Build.0 = Debug|Any CPU
		{90D49824-3619-4346-9B40-BFA258C62617}.Debug|x64.ActiveCfg = Debug|Any CPU
		{90D49824-3619-4346-9B40-BFA258C62617}.Debug|x64.Build.0 = Debug|Any CPU
		{90D49824-3619-4346-9B40-BFA258C62617}.Debug|x86.ActiveCfg = Debug|Any CPU
		{90D49824-3619-4346-9B40-BFA258C62617}.Debug|x86.Build.0 = Debug|Any CPU
		{90D49824-3619-4346-9B40-BFA258C62617}.Release|Any CPU.ActiveCfg = Release|Any CPU
		{90D49824-3619-4346-9B40-BFA258C62617}.Release|Any CPU.Build.0 = Release|Any CPU
		{90D49824-3619-4346-9B40-BFA258C62617}.Release|x64.ActiveCfg = Release|Any CPU
		{90D49824-3619-4346-9B40-BFA258C62617}.Release|x64.Build.0 = Release|Any CPU
		{90D49824-3619-4346-9B40-BFA258C62617}.Release|x86.ActiveCfg = Release|Any CPU
		{90D49824-3619-4346-9B40-BFA258C62617}.Release|x86.Build.0 = Release|Any CPU
		{02156C5B-E339-4517-A825-62D0FDC8C715}.Debug|Any CPU.ActiveCfg = Debug|Any CPU
		{02156C5B-E339-4517-A825-62D0FDC8C715}.Debug|Any CPU.Build.0 = Debug|Any CPU
		{02156C5B-E339-4517-A825-62D0FDC8C715}.Debug|x64.ActiveCfg = Debug|Any CPU
		{02156C5B-E339-4517-A825-62D0FDC8C715}.Debug|x64.Build.0 = Debug|Any CPU
		{02156C5B-E339-4517-A825-62D0FDC8C715}.Debug|x86.ActiveCfg = Debug|Any CPU
		{02156C5B-E339-4517-A825-62D0FDC8C715}.Debug|x86.Build.0 = Debug|Any CPU
		{02156C5B-E339-4517-A825-62D0FDC8C715}.Release|Any CPU.ActiveCfg = Release|Any CPU
		{02156C5B-E339-4517-A825-62D0FDC8C715}.Release|Any CPU.Build.0 = Release|Any CPU
		{02156C5B-E339-4517-A825-62D0FDC8C715}.Release|x64.ActiveCfg = Release|Any CPU
		{02156C5B-E339-4517-A825-62D0FDC8C715}.Release|x64.Build.0 = Release|Any CPU
		{02156C5B-E339-4517-A825-62D0FDC8C715}.Release|x86.ActiveCfg = Release|Any CPU
		{02156C5B-E339-4517-A825-62D0FDC8C715}.Release|x86.Build.0 = Release|Any CPU
		{A5A2C477-3F0F-4256-91C8-D4E6E0F1C00A}.Debug|Any CPU.ActiveCfg = Debug|Any CPU
		{A5A2C477-3F0F-4256-91C8-D4E6E0F1C00A}.Debug|Any CPU.Build.0 = Debug|Any CPU
		{A5A2C477-3F0F-4256-91C8-D4E6E0F1C00A}.Debug|x64.ActiveCfg = Debug|Any CPU
		{A5A2C477-3F0F-4256-91C8-D4E6E0F1C00A}.Debug|x64.Build.0 = Debug|Any CPU
		{A5A2C477-3F0F-4256-91C8-D4E6E0F1C00A}.Debug|x86.ActiveCfg = Debug|Any CPU
		{A5A2C477-3F0F-4256-91C8-D4E6E0F1C00A}.Debug|x86.Build.0 = Debug|Any CPU
		{A5A2C477-3F0F-4256-91C8-D4E6E0F1C00A}.Release|Any CPU.ActiveCfg = Release|Any CPU
		{A5A2C477-3F0F-4256-91C8-D4E6E0F1C00A}.Release|Any CPU.Build.0 = Release|Any CPU
		{A5A2C477-3F0F-4256-91C8-D4E6E0F1C00A}.Release|x64.ActiveCfg = Release|Any CPU
		{A5A2C477-3F0F-4256-91C8-D4E6E0F1C00A}.Release|x64.Build.0 = Release|Any CPU
		{A5A2C477-3F0F-4256-91C8-D4E6E0F1C00A}.Release|x86.ActiveCfg = Release|Any CPU
		{A5A2C477-3F0F-4256-91C8-D4E6E0F1C00A}.Release|x86.Build.0 = Release|Any CPU
		{160DF7D8-E5EA-4164-B221-B96C06F292F5}.Debug|Any CPU.ActiveCfg = Debug|Any CPU
		{160DF7D8-E5EA-4164-B221-B96C06F292F5}.Debug|Any CPU.Build.0 = Debug|Any CPU
		{160DF7D8-E5EA-4164-B221-B96C06F292F5}.Debug|x64.ActiveCfg = Debug|Any CPU
		{160DF7D8-E5EA-4164-B221-B96C06F292F5}.Debug|x64.Build.0 = Debug|Any CPU
		{160DF7D8-E5EA-4164-B221-B96C06F292F5}.Debug|x86.ActiveCfg = Debug|Any CPU
		{160DF7D8-E5EA-4164-B221-B96C06F292F5}.Debug|x86.Build.0 = Debug|Any CPU
		{160DF7D8-E5EA-4164-B221-B96C06F292F5}.Release|Any CPU.ActiveCfg = Release|Any CPU
		{160DF7D8-E5EA-4164-B221-B96C06F292F5}.Release|Any CPU.Build.0 = Release|Any CPU
		{160DF7D8-E5EA-4164-B221-B96C06F292F5}.Release|x64.ActiveCfg = Release|Any CPU
		{160DF7D8-E5EA-4164-B221-B96C06F292F5}.Release|x64.Build.0 = Release|Any CPU
		{160DF7D8-E5EA-4164-B221-B96C06F292F5}.Release|x86.ActiveCfg = Release|Any CPU
		{160DF7D8-E5EA-4164-B221-B96C06F292F5}.Release|x86.Build.0 = Release|Any CPU
		{0E94760E-C117-4B7E-B491-A2123D7DF4A9}.Debug|Any CPU.ActiveCfg = Debug|Any CPU
		{0E94760E-C117-4B7E-B491-A2123D7DF4A9}.Debug|Any CPU.Build.0 = Debug|Any CPU
		{0E94760E-C117-4B7E-B491-A2123D7DF4A9}.Debug|x64.ActiveCfg = Debug|Any CPU
		{0E94760E-C117-4B7E-B491-A2123D7DF4A9}.Debug|x64.Build.0 = Debug|Any CPU
		{0E94760E-C117-4B7E-B491-A2123D7DF4A9}.Debug|x86.ActiveCfg = Debug|Any CPU
		{0E94760E-C117-4B7E-B491-A2123D7DF4A9}.Debug|x86.Build.0 = Debug|Any CPU
		{0E94760E-C117-4B7E-B491-A2123D7DF4A9}.Release|Any CPU.ActiveCfg = Release|Any CPU
		{0E94760E-C117-4B7E-B491-A2123D7DF4A9}.Release|Any CPU.Build.0 = Release|Any CPU
		{0E94760E-C117-4B7E-B491-A2123D7DF4A9}.Release|x64.ActiveCfg = Release|Any CPU
		{0E94760E-C117-4B7E-B491-A2123D7DF4A9}.Release|x64.Build.0 = Release|Any CPU
		{0E94760E-C117-4B7E-B491-A2123D7DF4A9}.Release|x86.ActiveCfg = Release|Any CPU
		{0E94760E-C117-4B7E-B491-A2123D7DF4A9}.Release|x86.Build.0 = Release|Any CPU
		{DEF67E40-4D75-4237-BA4C-3624A362AE35}.Debug|Any CPU.ActiveCfg = Debug|Any CPU
		{DEF67E40-4D75-4237-BA4C-3624A362AE35}.Debug|Any CPU.Build.0 = Debug|Any CPU
		{DEF67E40-4D75-4237-BA4C-3624A362AE35}.Debug|x64.ActiveCfg = Debug|Any CPU
		{DEF67E40-4D75-4237-BA4C-3624A362AE35}.Debug|x64.Build.0 = Debug|Any CPU
		{DEF67E40-4D75-4237-BA4C-3624A362AE35}.Debug|x86.ActiveCfg = Debug|Any CPU
		{DEF67E40-4D75-4237-BA4C-3624A362AE35}.Debug|x86.Build.0 = Debug|Any CPU
		{DEF67E40-4D75-4237-BA4C-3624A362AE35}.Release|Any CPU.ActiveCfg = Release|Any CPU
		{DEF67E40-4D75-4237-BA4C-3624A362AE35}.Release|Any CPU.Build.0 = Release|Any CPU
		{DEF67E40-4D75-4237-BA4C-3624A362AE35}.Release|x64.ActiveCfg = Release|Any CPU
		{DEF67E40-4D75-4237-BA4C-3624A362AE35}.Release|x64.Build.0 = Release|Any CPU
		{DEF67E40-4D75-4237-BA4C-3624A362AE35}.Release|x86.ActiveCfg = Release|Any CPU
		{DEF67E40-4D75-4237-BA4C-3624A362AE35}.Release|x86.Build.0 = Release|Any CPU
		{03928E30-F36E-4E69-95BF-B16E80A1823C}.Debug|Any CPU.ActiveCfg = Debug|Any CPU
		{03928E30-F36E-4E69-95BF-B16E80A1823C}.Debug|Any CPU.Build.0 = Debug|Any CPU
		{03928E30-F36E-4E69-95BF-B16E80A1823C}.Debug|x64.ActiveCfg = Debug|Any CPU
		{03928E30-F36E-4E69-95BF-B16E80A1823C}.Debug|x64.Build.0 = Debug|Any CPU
		{03928E30-F36E-4E69-95BF-B16E80A1823C}.Debug|x86.ActiveCfg = Debug|Any CPU
		{03928E30-F36E-4E69-95BF-B16E80A1823C}.Debug|x86.Build.0 = Debug|Any CPU
		{03928E30-F36E-4E69-95BF-B16E80A1823C}.Release|Any CPU.ActiveCfg = Release|Any CPU
		{03928E30-F36E-4E69-95BF-B16E80A1823C}.Release|Any CPU.Build.0 = Release|Any CPU
		{03928E30-F36E-4E69-95BF-B16E80A1823C}.Release|x64.ActiveCfg = Release|Any CPU
		{03928E30-F36E-4E69-95BF-B16E80A1823C}.Release|x64.Build.0 = Release|Any CPU
		{03928E30-F36E-4E69-95BF-B16E80A1823C}.Release|x86.ActiveCfg = Release|Any CPU
		{03928E30-F36E-4E69-95BF-B16E80A1823C}.Release|x86.Build.0 = Release|Any CPU
		{04583BC1-64C6-4C03-8BB1-22D15EA8E213}.Debug|Any CPU.ActiveCfg = Debug|Any CPU
		{04583BC1-64C6-4C03-8BB1-22D15EA8E213}.Debug|Any CPU.Build.0 = Debug|Any CPU
		{04583BC1-64C6-4C03-8BB1-22D15EA8E213}.Debug|x64.ActiveCfg = Debug|Any CPU
		{04583BC1-64C6-4C03-8BB1-22D15EA8E213}.Debug|x64.Build.0 = Debug|Any CPU
		{04583BC1-64C6-4C03-8BB1-22D15EA8E213}.Debug|x86.ActiveCfg = Debug|Any CPU
		{04583BC1-64C6-4C03-8BB1-22D15EA8E213}.Debug|x86.Build.0 = Debug|Any CPU
		{04583BC1-64C6-4C03-8BB1-22D15EA8E213}.Release|Any CPU.ActiveCfg = Release|Any CPU
		{04583BC1-64C6-4C03-8BB1-22D15EA8E213}.Release|Any CPU.Build.0 = Release|Any CPU
		{04583BC1-64C6-4C03-8BB1-22D15EA8E213}.Release|x64.ActiveCfg = Release|Any CPU
		{04583BC1-64C6-4C03-8BB1-22D15EA8E213}.Release|x64.Build.0 = Release|Any CPU
		{04583BC1-64C6-4C03-8BB1-22D15EA8E213}.Release|x86.ActiveCfg = Release|Any CPU
		{04583BC1-64C6-4C03-8BB1-22D15EA8E213}.Release|x86.Build.0 = Release|Any CPU
		{548C53AB-A954-4DAE-AB9D-C9ED7592483E}.Debug|Any CPU.ActiveCfg = Debug|Any CPU
		{548C53AB-A954-4DAE-AB9D-C9ED7592483E}.Debug|Any CPU.Build.0 = Debug|Any CPU
		{548C53AB-A954-4DAE-AB9D-C9ED7592483E}.Debug|x64.ActiveCfg = Debug|Any CPU
		{548C53AB-A954-4DAE-AB9D-C9ED7592483E}.Debug|x64.Build.0 = Debug|Any CPU
		{548C53AB-A954-4DAE-AB9D-C9ED7592483E}.Debug|x86.ActiveCfg = Debug|Any CPU
		{548C53AB-A954-4DAE-AB9D-C9ED7592483E}.Debug|x86.Build.0 = Debug|Any CPU
		{548C53AB-A954-4DAE-AB9D-C9ED7592483E}.Release|Any CPU.ActiveCfg = Release|Any CPU
		{548C53AB-A954-4DAE-AB9D-C9ED7592483E}.Release|Any CPU.Build.0 = Release|Any CPU
		{548C53AB-A954-4DAE-AB9D-C9ED7592483E}.Release|x64.ActiveCfg = Release|Any CPU
		{548C53AB-A954-4DAE-AB9D-C9ED7592483E}.Release|x64.Build.0 = Release|Any CPU
		{548C53AB-A954-4DAE-AB9D-C9ED7592483E}.Release|x86.ActiveCfg = Release|Any CPU
		{548C53AB-A954-4DAE-AB9D-C9ED7592483E}.Release|x86.Build.0 = Release|Any CPU
		{9C942CBF-0C63-4903-A240-768E9F115EB6}.Debug|Any CPU.ActiveCfg = Debug|Any CPU
		{9C942CBF-0C63-4903-A240-768E9F115EB6}.Debug|Any CPU.Build.0 = Debug|Any CPU
		{9C942CBF-0C63-4903-A240-768E9F115EB6}.Debug|x64.ActiveCfg = Debug|Any CPU
		{9C942CBF-0C63-4903-A240-768E9F115EB6}.Debug|x64.Build.0 = Debug|Any CPU
		{9C942CBF-0C63-4903-A240-768E9F115EB6}.Debug|x86.ActiveCfg = Debug|Any CPU
		{9C942CBF-0C63-4903-A240-768E9F115EB6}.Debug|x86.Build.0 = Debug|Any CPU
		{9C942CBF-0C63-4903-A240-768E9F115EB6}.Release|Any CPU.ActiveCfg = Release|Any CPU
		{9C942CBF-0C63-4903-A240-768E9F115EB6}.Release|Any CPU.Build.0 = Release|Any CPU
		{9C942CBF-0C63-4903-A240-768E9F115EB6}.Release|x64.ActiveCfg = Release|Any CPU
		{9C942CBF-0C63-4903-A240-768E9F115EB6}.Release|x64.Build.0 = Release|Any CPU
		{9C942CBF-0C63-4903-A240-768E9F115EB6}.Release|x86.ActiveCfg = Release|Any CPU
		{9C942CBF-0C63-4903-A240-768E9F115EB6}.Release|x86.Build.0 = Release|Any CPU
		{B775C25A-F237-4678-8A6D-B3D9564A2490}.Debug|Any CPU.ActiveCfg = Debug|Any CPU
		{B775C25A-F237-4678-8A6D-B3D9564A2490}.Debug|Any CPU.Build.0 = Debug|Any CPU
		{B775C25A-F237-4678-8A6D-B3D9564A2490}.Debug|x64.ActiveCfg = Debug|Any CPU
		{B775C25A-F237-4678-8A6D-B3D9564A2490}.Debug|x64.Build.0 = Debug|Any CPU
		{B775C25A-F237-4678-8A6D-B3D9564A2490}.Debug|x86.ActiveCfg = Debug|Any CPU
		{B775C25A-F237-4678-8A6D-B3D9564A2490}.Debug|x86.Build.0 = Debug|Any CPU
		{B775C25A-F237-4678-8A6D-B3D9564A2490}.Release|Any CPU.ActiveCfg = Release|Any CPU
		{B775C25A-F237-4678-8A6D-B3D9564A2490}.Release|Any CPU.Build.0 = Release|Any CPU
		{B775C25A-F237-4678-8A6D-B3D9564A2490}.Release|x64.ActiveCfg = Release|Any CPU
		{B775C25A-F237-4678-8A6D-B3D9564A2490}.Release|x64.Build.0 = Release|Any CPU
		{B775C25A-F237-4678-8A6D-B3D9564A2490}.Release|x86.ActiveCfg = Release|Any CPU
		{B775C25A-F237-4678-8A6D-B3D9564A2490}.Release|x86.Build.0 = Release|Any CPU
		{F30C48D9-F50F-4CC3-9E6E-973036BD8B49}.Debug|Any CPU.ActiveCfg = Debug|Any CPU
		{F30C48D9-F50F-4CC3-9E6E-973036BD8B49}.Debug|Any CPU.Build.0 = Debug|Any CPU
		{F30C48D9-F50F-4CC3-9E6E-973036BD8B49}.Debug|x64.ActiveCfg = Debug|Any CPU
		{F30C48D9-F50F-4CC3-9E6E-973036BD8B49}.Debug|x64.Build.0 = Debug|Any CPU
		{F30C48D9-F50F-4CC3-9E6E-973036BD8B49}.Debug|x86.ActiveCfg = Debug|Any CPU
		{F30C48D9-F50F-4CC3-9E6E-973036BD8B49}.Debug|x86.Build.0 = Debug|Any CPU
		{F30C48D9-F50F-4CC3-9E6E-973036BD8B49}.Release|Any CPU.ActiveCfg = Release|Any CPU
		{F30C48D9-F50F-4CC3-9E6E-973036BD8B49}.Release|Any CPU.Build.0 = Release|Any CPU
		{F30C48D9-F50F-4CC3-9E6E-973036BD8B49}.Release|x64.ActiveCfg = Release|Any CPU
		{F30C48D9-F50F-4CC3-9E6E-973036BD8B49}.Release|x64.Build.0 = Release|Any CPU
		{F30C48D9-F50F-4CC3-9E6E-973036BD8B49}.Release|x86.ActiveCfg = Release|Any CPU
		{F30C48D9-F50F-4CC3-9E6E-973036BD8B49}.Release|x86.Build.0 = Release|Any CPU
		{788C4BE1-C5E1-499E-A13E-83A42DF7978F}.Debug|Any CPU.ActiveCfg = Debug|Any CPU
		{788C4BE1-C5E1-499E-A13E-83A42DF7978F}.Debug|Any CPU.Build.0 = Debug|Any CPU
		{788C4BE1-C5E1-499E-A13E-83A42DF7978F}.Debug|x64.ActiveCfg = Debug|Any CPU
		{788C4BE1-C5E1-499E-A13E-83A42DF7978F}.Debug|x64.Build.0 = Debug|Any CPU
		{788C4BE1-C5E1-499E-A13E-83A42DF7978F}.Debug|x86.ActiveCfg = Debug|Any CPU
		{788C4BE1-C5E1-499E-A13E-83A42DF7978F}.Debug|x86.Build.0 = Debug|Any CPU
		{788C4BE1-C5E1-499E-A13E-83A42DF7978F}.Release|Any CPU.ActiveCfg = Release|Any CPU
		{788C4BE1-C5E1-499E-A13E-83A42DF7978F}.Release|Any CPU.Build.0 = Release|Any CPU
		{788C4BE1-C5E1-499E-A13E-83A42DF7978F}.Release|x64.ActiveCfg = Release|Any CPU
		{788C4BE1-C5E1-499E-A13E-83A42DF7978F}.Release|x64.Build.0 = Release|Any CPU
		{788C4BE1-C5E1-499E-A13E-83A42DF7978F}.Release|x86.ActiveCfg = Release|Any CPU
		{788C4BE1-C5E1-499E-A13E-83A42DF7978F}.Release|x86.Build.0 = Release|Any CPU
		{C1F91A48-E950-4489-B52A-9B1CB57BA133}.Debug|Any CPU.ActiveCfg = Debug|Any CPU
		{C1F91A48-E950-4489-B52A-9B1CB57BA133}.Debug|Any CPU.Build.0 = Debug|Any CPU
		{C1F91A48-E950-4489-B52A-9B1CB57BA133}.Debug|x64.ActiveCfg = Debug|Any CPU
		{C1F91A48-E950-4489-B52A-9B1CB57BA133}.Debug|x64.Build.0 = Debug|Any CPU
		{C1F91A48-E950-4489-B52A-9B1CB57BA133}.Debug|x86.ActiveCfg = Debug|Any CPU
		{C1F91A48-E950-4489-B52A-9B1CB57BA133}.Debug|x86.Build.0 = Debug|Any CPU
		{C1F91A48-E950-4489-B52A-9B1CB57BA133}.Release|Any CPU.ActiveCfg = Release|Any CPU
		{C1F91A48-E950-4489-B52A-9B1CB57BA133}.Release|Any CPU.Build.0 = Release|Any CPU
		{C1F91A48-E950-4489-B52A-9B1CB57BA133}.Release|x64.ActiveCfg = Release|Any CPU
		{C1F91A48-E950-4489-B52A-9B1CB57BA133}.Release|x64.Build.0 = Release|Any CPU
		{C1F91A48-E950-4489-B52A-9B1CB57BA133}.Release|x86.ActiveCfg = Release|Any CPU
		{C1F91A48-E950-4489-B52A-9B1CB57BA133}.Release|x86.Build.0 = Release|Any CPU
		{96D9C440-8936-4A20-9F9C-AAFBCE6B5A80}.Debug|Any CPU.ActiveCfg = Debug|Any CPU
		{96D9C440-8936-4A20-9F9C-AAFBCE6B5A80}.Debug|Any CPU.Build.0 = Debug|Any CPU
		{96D9C440-8936-4A20-9F9C-AAFBCE6B5A80}.Debug|x64.ActiveCfg = Debug|Any CPU
		{96D9C440-8936-4A20-9F9C-AAFBCE6B5A80}.Debug|x64.Build.0 = Debug|Any CPU
		{96D9C440-8936-4A20-9F9C-AAFBCE6B5A80}.Debug|x86.ActiveCfg = Debug|Any CPU
		{96D9C440-8936-4A20-9F9C-AAFBCE6B5A80}.Debug|x86.Build.0 = Debug|Any CPU
		{96D9C440-8936-4A20-9F9C-AAFBCE6B5A80}.Release|Any CPU.ActiveCfg = Release|Any CPU
		{96D9C440-8936-4A20-9F9C-AAFBCE6B5A80}.Release|Any CPU.Build.0 = Release|Any CPU
		{96D9C440-8936-4A20-9F9C-AAFBCE6B5A80}.Release|x64.ActiveCfg = Release|Any CPU
		{96D9C440-8936-4A20-9F9C-AAFBCE6B5A80}.Release|x64.Build.0 = Release|Any CPU
		{96D9C440-8936-4A20-9F9C-AAFBCE6B5A80}.Release|x86.ActiveCfg = Release|Any CPU
		{96D9C440-8936-4A20-9F9C-AAFBCE6B5A80}.Release|x86.Build.0 = Release|Any CPU
		{6E28770F-96D6-440B-80BC-84B6448C095E}.Debug|Any CPU.ActiveCfg = Debug|Any CPU
		{6E28770F-96D6-440B-80BC-84B6448C095E}.Debug|Any CPU.Build.0 = Debug|Any CPU
		{6E28770F-96D6-440B-80BC-84B6448C095E}.Debug|x64.ActiveCfg = Debug|Any CPU
		{6E28770F-96D6-440B-80BC-84B6448C095E}.Debug|x64.Build.0 = Debug|Any CPU
		{6E28770F-96D6-440B-80BC-84B6448C095E}.Debug|x86.ActiveCfg = Debug|Any CPU
		{6E28770F-96D6-440B-80BC-84B6448C095E}.Debug|x86.Build.0 = Debug|Any CPU
		{6E28770F-96D6-440B-80BC-84B6448C095E}.Release|Any CPU.ActiveCfg = Release|Any CPU
		{6E28770F-96D6-440B-80BC-84B6448C095E}.Release|Any CPU.Build.0 = Release|Any CPU
		{6E28770F-96D6-440B-80BC-84B6448C095E}.Release|x64.ActiveCfg = Release|Any CPU
		{6E28770F-96D6-440B-80BC-84B6448C095E}.Release|x64.Build.0 = Release|Any CPU
		{6E28770F-96D6-440B-80BC-84B6448C095E}.Release|x86.ActiveCfg = Release|Any CPU
		{6E28770F-96D6-440B-80BC-84B6448C095E}.Release|x86.Build.0 = Release|Any CPU
		{5BF2CDDF-A684-4335-AC48-54D6DEBC28AA}.Debug|Any CPU.ActiveCfg = Debug|Any CPU
		{5BF2CDDF-A684-4335-AC48-54D6DEBC28AA}.Debug|Any CPU.Build.0 = Debug|Any CPU
		{5BF2CDDF-A684-4335-AC48-54D6DEBC28AA}.Debug|x64.ActiveCfg = Debug|Any CPU
		{5BF2CDDF-A684-4335-AC48-54D6DEBC28AA}.Debug|x64.Build.0 = Debug|Any CPU
		{5BF2CDDF-A684-4335-AC48-54D6DEBC28AA}.Debug|x86.ActiveCfg = Debug|Any CPU
		{5BF2CDDF-A684-4335-AC48-54D6DEBC28AA}.Debug|x86.Build.0 = Debug|Any CPU
		{5BF2CDDF-A684-4335-AC48-54D6DEBC28AA}.Release|Any CPU.ActiveCfg = Release|Any CPU
		{5BF2CDDF-A684-4335-AC48-54D6DEBC28AA}.Release|Any CPU.Build.0 = Release|Any CPU
		{5BF2CDDF-A684-4335-AC48-54D6DEBC28AA}.Release|x64.ActiveCfg = Release|Any CPU
		{5BF2CDDF-A684-4335-AC48-54D6DEBC28AA}.Release|x64.Build.0 = Release|Any CPU
		{5BF2CDDF-A684-4335-AC48-54D6DEBC28AA}.Release|x86.ActiveCfg = Release|Any CPU
		{5BF2CDDF-A684-4335-AC48-54D6DEBC28AA}.Release|x86.Build.0 = Release|Any CPU
	EndGlobalSection
EndGlobal
